
Microsoft Visual Studio Solution File, Format Version 12.00
# Visual Studio Version 16
VisualStudioVersion = 16.0.34902.97
MinimumVisualStudioVersion = 10.0.40219.1
Project("{FAE04EC0-301F-11D3-BF4B-00C04F79EFBC}") = "hm2", "hm2\hm2.csproj", "{18571C6A-5198-4B07-944B-2ED1F5571B36}"
EndProject
Global
	GlobalSection(SolutionConfigurationPlatforms) = preSolution
		Debug|Any CPU = Debug|Any CPU
		Release|Any CPU = Release|Any CPU
	EndGlobalSection
	GlobalSection(ProjectConfigurationPlatforms) = postSolution
		{18571C6A-5198-4B07-944B-2ED1F5571B36}.Debug|Any CPU.ActiveCfg = Debug|Any CPU
		{18571C6A-5198-4B07-944B-2ED1F5571B36}.Debug|Any CPU.Build.0 = Debug|Any CPU
		{18571C6A-5198-4B07-944B-2ED1F5571B36}.Release|Any CPU.ActiveCfg = Release|Any CPU
		{18571C6A-5198-4B07-944B-2ED1F5571B36}.Release|Any CPU.Build.0 = Release|Any CPU
	EndGlobalSection
	GlobalSection(SolutionProperties) = preSolution
		HideSolutionNode = FALSE
	EndGlobalSection
	GlobalSection(ExtensibilityGlobals) = postSolution
		SolutionGuid = {CBC00745-2C9F-4515-8E38-9B8E1075B278}
	EndGlobalSection
EndGlobal
